
Microsoft Visual Studio Solution File, Format Version 12.00
# Visual Studio Version 17
VisualStudioVersion = 17.10.35122.118
MinimumVisualStudioVersion = 10.0.40219.1
Project("{FAE04EC0-301F-11D3-BF4B-00C04F79EFBC}") = "XYZSnakeProject", "XYZSnakeProject.csproj", "{D6957081-257D-497E-B782-F60CA7A0511B}"
EndProject
Global
	GlobalSection(SolutionConfigurationPlatforms) = preSolution
		Debug|Any CPU = Debug|Any CPU
		Release|Any CPU = Release|Any CPU
	EndGlobalSection
	GlobalSection(ProjectConfigurationPlatforms) = postSolution
		{D6957081-257D-497E-B782-F60CA7A0511B}.Debug|Any CPU.ActiveCfg = Debug|Any CPU
		{D6957081-257D-497E-B782-F60CA7A0511B}.Debug|Any CPU.Build.0 = Debug|Any CPU
		{D6957081-257D-497E-B782-F60CA7A0511B}.Release|Any CPU.ActiveCfg = Release|Any CPU
		{D6957081-257D-497E-B782-F60CA7A0511B}.Release|Any CPU.Build.0 = Release|Any CPU
	EndGlobalSection
	GlobalSection(SolutionProperties) = preSolution
		HideSolutionNode = FALSE
	EndGlobalSection
	GlobalSection(ExtensibilityGlobals) = postSolution
		SolutionGuid = {5321827C-B356-4F42-845C-925B9414B362}
	EndGlobalSection
EndGlobal
